
Microsoft Visual Studio Solution File, Format Version 12.00
# Visual Studio Version 16
VisualStudioVersion = 16.0.29519.181
MinimumVisualStudioVersion = 10.0.40219.1
Project("{FAE04EC0-301F-11D3-BF4B-00C04F79EFBC}") = "AnnouncementWebSite", "AnnouncementWebSite\AnnouncementWebSite.csproj", "{CBB37938-C528-47C3-9797-7F5F02EA700A}"
EndProject
Global
	GlobalSection(SolutionConfigurationPlatforms) = preSolution
		Debug|Any CPU = Debug|Any CPU
		Release|Any CPU = Release|Any CPU
	EndGlobalSection
	GlobalSection(ProjectConfigurationPlatforms) = postSolution
		{CBB37938-C528-47C3-9797-7F5F02EA700A}.Debug|Any CPU.ActiveCfg = Debug|Any CPU
		{CBB37938-C528-47C3-9797-7F5F02EA700A}.Debug|Any CPU.Build.0 = Debug|Any CPU
		{CBB37938-C528-47C3-9797-7F5F02EA700A}.Release|Any CPU.ActiveCfg = Release|Any CPU
		{CBB37938-C528-47C3-9797-7F5F02EA700A}.Release|Any CPU.Build.0 = Release|Any CPU
	EndGlobalSection
	GlobalSection(SolutionProperties) = preSolution
		HideSolutionNode = FALSE
	EndGlobalSection
	GlobalSection(ExtensibilityGlobals) = postSolution
		SolutionGuid = {D6173D62-088D-4BA7-9FA2-84A2C89CBB6B}
	EndGlobalSection
EndGlobal
